<?xml version="1.0" encoding="utf-8"?>
<Project ToolsVersion="4.0" xmlns="http://schemas.microsoft.com/developer/msbuild/2003">
  <ItemGroup>
    <Filter Include="Design">
      <UniqueIdentifier>{32f48f9d-b7de-48b2-b8c6-1be8914c6a72}</UniqueIdentifier>
    </Filter>
    <Filter Include="Design\01. ServerManager">
      <UniqueIdentifier>{75a59af1-5cdf-4778-b284-0ee7addb3674}</UniqueIdentifier>
    </Filter>
    <Filter Include="Pre">
      <UniqueIdentifier>{c2fb1aca-fc03-4a77-9c7c-476c1daf47ca}</UniqueIdentifier>
    </Filter>
    <Filter Include="Design\02. Timer">
      <UniqueIdentifier>{8dd2e616-204f-4d2d-a799-9b0b2373af8f}</UniqueIdentifier>
    </Filter>
    <Filter Include="Design\00. MainInstance">
      <UniqueIdentifier>{74e46699-2a82-4c56-a20c-0a4d9537530a}</UniqueIdentifier>
    </Filter>
    <Filter Include="Design\03. PlaingRoom_PirateHeadShoot">
      <UniqueIdentifier>{52d33948-4a8f-4887-8687-59244991989a}</UniqueIdentifier>
    </Filter>
    <Filter Include="Design\99. Main_CPP">
      <UniqueIdentifier>{03e02c6d-49b8-495e-bd33-d6c3a4a3bb44}</UniqueIdentifier>
    </Filter>
    <Filter Include="Design\98. PackExecution">
      <UniqueIdentifier>{deb744c7-067b-41f1-a956-1902117195cb}</UniqueIdentifier>
    </Filter>
    <Filter Include="Design\98. PackExecution\00. PacketExecutionBase">
      <UniqueIdentifier>{e819eea5-34b3-4371-a8fa-2420e10549ed}</UniqueIdentifier>
    </Filter>
    <Filter Include="Design\98. PackExecution\01. PacketExecution_">
      <UniqueIdentifier>{3bbbcb50-181d-4034-be7b-ecf98e3d6773}</UniqueIdentifier>
    </Filter>
    <Filter Include="Design\98. PackExecution\NewFilter5">
      <UniqueIdentifier>{48d96a15-0b6a-497b-b429-a9964593e22f}</UniqueIdentifier>
    </Filter>
    <Filter Include="Design\98. PackExecution\02. PacketExecution_RotateAngle">
      <UniqueIdentifier>{eccbc0a0-beaa-4a4c-9ae1-58385c23702b}</UniqueIdentifier>
    </Filter>
    <Filter Include="Design\98. PackExecution\03. PacketExecution_BladeInsert">
      <UniqueIdentifier>{287ca904-5534-4123-8ef6-1979c48c1183}</UniqueIdentifier>
    </Filter>
    <Filter Include="Design\98. PackExecution\04. PacketExecution_BladeInsertFollow">
      <UniqueIdentifier>{ffcb7f6c-2fef-4749-bed7-ba7008c8a883}</UniqueIdentifier>
    </Filter>
    <Filter Include="Design\98. PackExecution\05. PacketExecution_Chatting">
      <UniqueIdentifier>{dd749fc7-3d2c-4f7d-a748-84d6807f9e94}</UniqueIdentifier>
    </Filter>
  </ItemGroup>
  <ItemGroup>
    <ClCompile Include="MainServer.cpp">
      <Filter>Design\01. ServerManager</Filter>
    </ClCompile>
    <ClCompile Include="stdafx.cpp">
      <Filter>Pre</Filter>
    </ClCompile>
    <ClCompile Include="Timer.cpp">
      <Filter>Design\02. Timer</Filter>
    </ClCompile>
    <ClCompile Include="MainInstance.cpp">
      <Filter>Design\00. MainInstance</Filter>
    </ClCompile>
    <ClCompile Include="PlayingRoom.cpp">
      <Filter>Design\03. PlaingRoom_PirateHeadShoot</Filter>
    </ClCompile>
    <ClCompile Include="Main.cpp">
      <Filter>Design\99. Main_CPP</Filter>
    </ClCompile>
    <ClCompile Include="PacketExecutionBase.cpp">
      <Filter>Design\98. PackExecution\00. PacketExecutionBase</Filter>
    </ClCompile>
  </ItemGroup>
  <ItemGroup>
    <ClInclude Include="MainServer.h">
      <Filter>Design\01. ServerManager</Filter>
    </ClInclude>
    <ClInclude Include="stdafx.h">
      <Filter>Pre</Filter>
    </ClInclude>
    <ClInclude Include="Timer.h">
      <Filter>Design\02. Timer</Filter>
    </ClInclude>
    <ClInclude Include="MainInstance.h">
      <Filter>Design\00. MainInstance</Filter>
    </ClInclude>
    <ClInclude Include="PlayingRoom.h">
      <Filter>Design\03. PlaingRoom_PirateHeadShoot</Filter>
    </ClInclude>
    <ClInclude Include="PacketExecutionBase.h">
      <Filter>Design\98. PackExecution\00. PacketExecutionBase</Filter>
    </ClInclude>
  </ItemGroup>
</Project>