<?xml version="1.0" encoding="utf-8"?>
<Project ToolsVersion="4.0" xmlns="http://schemas.microsoft.com/developer/msbuild/2003">
  <ItemGroup>
    <Filter Include="Design">
      <UniqueIdentifier>{32f48f9d-b7de-48b2-b8c6-1be8914c6a72}</UniqueIdentifier>
    </Filter>
    <Filter Include="Design\01. ServerManager">
      <UniqueIdentifier>{75a59af1-5cdf-4778-b284-0ee7addb3674}</UniqueIdentifier>
    </Filter>
    <Filter Include="Pre">
      <UniqueIdentifier>{c2fb1aca-fc03-4a77-9c7c-476c1daf47ca}</UniqueIdentifier>
    </Filter>
    <Filter Include="Design\02. Timer">
      <UniqueIdentifier>{8dd2e616-204f-4d2d-a799-9b0b2373af8f}</UniqueIdentifier>
    </Filter>
    <Filter Include="Design\00. MainInstance">
      <UniqueIdentifier>{74e46699-2a82-4c56-a20c-0a4d9537530a}</UniqueIdentifier>
    </Filter>
    <Filter Include="Design\03. PlaingRoom_PirateHeadShoot">
      <UniqueIdentifier>{52d33948-4a8f-4887-8687-59244991989a}</UniqueIdentifier>
    </Filter>
    <Filter Include="Design\99. Main_CPP">
      <UniqueIdentifier>{03e02c6d-49b8-495e-bd33-d6c3a4a3bb44}</UniqueIdentifier>
    </Filter>
  </ItemGroup>
  <ItemGroup>
    <ClCompile Include="MainServer.cpp">
      <Filter>Design\01. ServerManager</Filter>
    </ClCompile>
    <ClCompile Include="stdafx.cpp">
      <Filter>Pre</Filter>
    </ClCompile>
    <ClCompile Include="Timer.cpp">
      <Filter>Design\02. Timer</Filter>
    </ClCompile>
    <ClCompile Include="MainInstance.cpp">
      <Filter>Design\00. MainInstance</Filter>
    </ClCompile>
    <ClCompile Include="PlayingRoom.cpp">
      <Filter>Design\03. PlaingRoom_PirateHeadShoot</Filter>
    </ClCompile>
    <ClCompile Include="Main.cpp">
      <Filter>Design\99. Main_CPP</Filter>
    </ClCompile>
  </ItemGroup>
  <ItemGroup>
    <ClInclude Include="MainServer.h">
      <Filter>Design\01. ServerManager</Filter>
    </ClInclude>
    <ClInclude Include="stdafx.h">
      <Filter>Pre</Filter>
    </ClInclude>
    <ClInclude Include="Timer.h">
      <Filter>Design\02. Timer</Filter>
    </ClInclude>
    <ClInclude Include="MainInstance.h">
      <Filter>Design\00. MainInstance</Filter>
    </ClInclude>
    <ClInclude Include="PlayingRoom.h">
      <Filter>Design\03. PlaingRoom_PirateHeadShoot</Filter>
    </ClInclude>
  </ItemGroup>
</Project>